// !$*UTF8*$!
{
	archiveVersion = 1;
	classes = {
	};
	objectVersion = 70;
	objects = {

/* Begin PBXBuildFile section */
		1BA3C45151C8F8084062D8BF /* BreathwaveShieldAction.appex in Embed Foundation Extensions */ = {isa = PBXBuildFile; fileRef = D177A3D55BBD1EB7E5CA5D67 /* BreathwaveShieldAction.appex */; settings = {ATTRIBUTES = (RemoveHeadersOnCopy, ); }; };
		243874D03B503652928CBE45 /* ShieldActionProvider.swift in Sources */ = {isa = PBXBuildFile; fileRef = 694AA71CCB70709C5B7E755A /* ShieldActionProvider.swift */; };
		347542FC14EE0D896D6A0C34 /* BreathwaveShield.appex in Embed Foundation Extensions */ = {isa = PBXBuildFile; fileRef = 7B27CBE2E023464C035A9245 /* BreathwaveShield.appex */; settings = {ATTRIBUTES = (RemoveHeadersOnCopy, ); }; };
		437D21584388D32B9FF1A9DB /* FocusMonitor.swift in Sources */ = {isa = PBXBuildFile; fileRef = 20A249395604709CEBB538FF /* FocusMonitor.swift */; };
		47D4DE193DA4D1E48E1C2791 /* BreathwaveMonitor.appex in Embed Foundation Extensions */ = {isa = PBXBuildFile; fileRef = 5CE4D08BDB80BBBC5EAC3BC7 /* BreathwaveMonitor.appex */; settings = {ATTRIBUTES = (RemoveHeadersOnCopy, ); }; };
		4E9D505AC868505A2A9A5B00 /* FocusShared.swift in Sources */ = {isa = PBXBuildFile; fileRef = CA7EC4C0E3D8D0FB0FA497EA /* FocusShared.swift */; };
		66A2E4A94C7EAE461A4E57A8 /* FocusEvent.swift in Sources */ = {isa = PBXBuildFile; fileRef = D2A9F633C2DCCE8F2F92136A /* FocusEvent.swift */; };
		75AAE904B861374D86A7AB2D /* FocusEventLog.swift in Sources */ = {isa = PBXBuildFile; fileRef = 8DFC124A7A81D65983595E97 /* FocusEventLog.swift */; };
		86D4235F028D20B93DD8BFED /* Foundation.framework in Frameworks */ = {isa = PBXBuildFile; fileRef = AA413517AA9EDB5FFBD6DD55 /* Foundation.framework */; };
		A4433F75C97A19826090533C /* Foundation.framework in Frameworks */ = {isa = PBXBuildFile; fileRef = AA413517AA9EDB5FFBD6DD55 /* Foundation.framework */; };
		AB8508F4D2B7F8A110A84832 /* FocusShared.swift in Sources */ = {isa = PBXBuildFile; fileRef = CA7EC4C0E3D8D0FB0FA497EA /* FocusShared.swift */; };
		BEB61A6FE27E930E6E3C8EB4 /* Localizable.xcstrings in Resources */ = {isa = PBXBuildFile; fileRef = 95416D52E4FC78863EBBF035 /* Localizable.xcstrings */; };
		C816376B4A31C2983EDE862C /* Foundation.framework in Frameworks */ = {isa = PBXBuildFile; fileRef = AA413517AA9EDB5FFBD6DD55 /* Foundation.framework */; };
		D8A2280C56F04802DEF62267 /* FocusShared.swift in Sources */ = {isa = PBXBuildFile; fileRef = CA7EC4C0E3D8D0FB0FA497EA /* FocusShared.swift */; };
		DC9FF0A5C1B777A5D79DA7EA /* ShieldConfigurationProvider.swift in Sources */ = {isa = PBXBuildFile; fileRef = AD71686E1069AFBF276F9381 /* ShieldConfigurationProvider.swift */; };
		E479B11EC39D053AD353AA76 /* ShieldPrompts.swift in Sources */ = {isa = PBXBuildFile; fileRef = 007C00C5D3E2F59AF7FAF409 /* ShieldPrompts.swift */; };
/* End PBXBuildFile section */

/* Begin PBXContainerItemProxy section */
		2939BFAF9E79C0FADC17C3C6 /* PBXContainerItemProxy */ = {
			isa = PBXContainerItemProxy;
			containerPortal = B40000000000000000000001 /* Project object */;
			proxyType = 1;
			remoteGlobalIDString = 07658770452DC755CD871B5A;
			remoteInfo = BreathwaveShield;
		};
		80EF0A4AC6FCA4B1ED455B40 /* PBXContainerItemProxy */ = {
			isa = PBXContainerItemProxy;
			containerPortal = B40000000000000000000001 /* Project object */;
			proxyType = 1;
			remoteGlobalIDString = F401EE1058CF194F8A1AE0B3;
			remoteInfo = BreathwaveMonitor;
		};
		B4000000000000000000000F /* PBXContainerItemProxy */ = {
			isa = PBXContainerItemProxy;
			containerPortal = B40000000000000000000001 /* Project object */;
			proxyType = 1;
			remoteGlobalIDString = B40000000000000000000002;
			remoteInfo = Breathwave;
		};
		B40000000000000000000026 /* PBXContainerItemProxy */ = {
			isa = PBXContainerItemProxy;
			containerPortal = B40000000000000000000001 /* Project object */;
			proxyType = 1;
			remoteGlobalIDString = B40000000000000000000002;
			remoteInfo = Breathwave;
		};
		BDAE04358905FCDBA3066BB0 /* PBXContainerItemProxy */ = {
			isa = PBXContainerItemProxy;
			containerPortal = B40000000000000000000001 /* Project object */;
			proxyType = 1;
			remoteGlobalIDString = A8E561DB05EED88DB74FA927;
			remoteInfo = BreathwaveShieldAction;
		};
/* End PBXContainerItemProxy section */

/* Begin PBXCopyFilesBuildPhase section */
		9BA31C7F6F65113196573FF8 /* Embed Foundation Extensions */ = {
			isa = PBXCopyFilesBuildPhase;
			buildActionMask = 2147483647;
			dstPath = "";
			dstSubfolderSpec = 13;
			files = (
				347542FC14EE0D896D6A0C34 /* BreathwaveShield.appex in Embed Foundation Extensions */,
				1BA3C45151C8F8084062D8BF /* BreathwaveShieldAction.appex in Embed Foundation Extensions */,
				47D4DE193DA4D1E48E1C2791 /* BreathwaveMonitor.appex in Embed Foundation Extensions */,
			);
			name = "Embed Foundation Extensions";
			runOnlyForDeploymentPostprocessing = 0;
		};
/* End PBXCopyFilesBuildPhase section */

/* Begin PBXFileReference section */
		007C00C5D3E2F59AF7FAF409 /* ShieldPrompts.swift */ = {isa = PBXFileReference; includeInIndex = 1; lastKnownFileType = sourcecode.swift; path = ShieldPrompts.swift; sourceTree = "<group>"; };
		0BF9DD4B51C1CE65D1412CE3 /* Info.plist */ = {isa = PBXFileReference; includeInIndex = 1; lastKnownFileType = text.plist.xml; path = Info.plist; sourceTree = "<group>"; };
		20A249395604709CEBB538FF /* FocusMonitor.swift */ = {isa = PBXFileReference; includeInIndex = 1; lastKnownFileType = sourcecode.swift; path = FocusMonitor.swift; sourceTree = "<group>"; };
		26C1855123CF8FF53778C5B4 /* BreathwaveShieldAction.entitlements */ = {isa = PBXFileReference; includeInIndex = 1; lastKnownFileType = text.plist.entitlements; path = BreathwaveShieldAction.entitlements; sourceTree = "<group>"; };
		5CE4D08BDB80BBBC5EAC3BC7 /* BreathwaveMonitor.appex */ = {isa = PBXFileReference; explicitFileType = "wrapper.app-extension"; includeInIndex = 0; path = BreathwaveMonitor.appex; sourceTree = BUILT_PRODUCTS_DIR; };
		694AA71CCB70709C5B7E755A /* ShieldActionProvider.swift */ = {isa = PBXFileReference; includeInIndex = 1; lastKnownFileType = sourcecode.swift; path = ShieldActionProvider.swift; sourceTree = "<group>"; };
		7B27CBE2E023464C035A9245 /* BreathwaveShield.appex */ = {isa = PBXFileReference; explicitFileType = "wrapper.app-extension"; includeInIndex = 0; path = BreathwaveShield.appex; sourceTree = BUILT_PRODUCTS_DIR; };
		8DFC124A7A81D65983595E97 /* FocusEventLog.swift */ = {isa = PBXFileReference; includeInIndex = 1; lastKnownFileType = sourcecode.swift; name = FocusEventLog.swift; path = Breathwave/Engine/FocusEventLog.swift; sourceTree = "<group>"; };
		95416D52E4FC78863EBBF035 /* Localizable.xcstrings */ = {isa = PBXFileReference; includeInIndex = 1; lastKnownFileType = text.json.xcstrings; path = Localizable.xcstrings; sourceTree = "<group>"; };
		AA413517AA9EDB5FFBD6DD55 /* Foundation.framework */ = {isa = PBXFileReference; lastKnownFileType = wrapper.framework; name = Foundation.framework; path = Platforms/iPhoneOS.platform/Developer/SDKs/iPhoneOS26.0.sdk/System/Library/Frameworks/Foundation.framework; sourceTree = DEVELOPER_DIR; };
		AD71686E1069AFBF276F9381 /* ShieldConfigurationProvider.swift */ = {isa = PBXFileReference; includeInIndex = 1; lastKnownFileType = sourcecode.swift; path = ShieldConfigurationProvider.swift; sourceTree = "<group>"; };
		B40000000000000000000004 /* Breathwave.app */ = {isa = PBXFileReference; explicitFileType = wrapper.application; includeInIndex = 0; path = Breathwave.app; sourceTree = BUILT_PRODUCTS_DIR; };
		B40000000000000000000005 /* BreathwaveTests.xctest */ = {isa = PBXFileReference; explicitFileType = wrapper.cfbundle; includeInIndex = 0; path = BreathwaveTests.xctest; sourceTree = BUILT_PRODUCTS_DIR; };
		B40000000000000000000020 /* BreathwaveUITests.xctest */ = {isa = PBXFileReference; explicitFileType = wrapper.cfbundle; includeInIndex = 0; path = BreathwaveUITests.xctest; sourceTree = BUILT_PRODUCTS_DIR; };
		B5D3938425246D675846A297 /* Info.plist */ = {isa = PBXFileReference; includeInIndex = 1; lastKnownFileType = text.plist.xml; path = Info.plist; sourceTree = "<group>"; };
		C41818296580B67585B68C5B /* Info.plist */ = {isa = PBXFileReference; includeInIndex = 1; lastKnownFileType = text.plist.xml; path = Info.plist; sourceTree = "<group>"; };
		CA7EC4C0E3D8D0FB0FA497EA /* FocusShared.swift */ = {isa = PBXFileReference; includeInIndex = 1; lastKnownFileType = sourcecode.swift; name = FocusShared.swift; path = Breathwave/Engine/FocusShared.swift; sourceTree = "<group>"; };
		D177A3D55BBD1EB7E5CA5D67 /* BreathwaveShieldAction.appex */ = {isa = PBXFileReference; explicitFileType = "wrapper.app-extension"; includeInIndex = 0; path = BreathwaveShieldAction.appex; sourceTree = BUILT_PRODUCTS_DIR; };
		D2A9F633C2DCCE8F2F92136A /* FocusEvent.swift */ = {isa = PBXFileReference; includeInIndex = 1; lastKnownFileType = sourcecode.swift; name = FocusEvent.swift; path = Breathwave/Models/FocusEvent.swift; sourceTree = "<group>"; };
		DDDE0FB0A4489ADB209A3DE0 /* BreathwaveMonitor.entitlements */ = {isa = PBXFileReference; includeInIndex = 1; lastKnownFileType = text.plist.entitlements; path = BreathwaveMonitor.entitlements; sourceTree = "<group>"; };
/* End PBXFileReference section */

/* Begin PBXFileSystemSynchronizedBuildFileExceptionSet section */
		B40000000000000000000008 /* PBXFileSystemSynchronizedBuildFileExceptionSet */ = {
			isa = PBXFileSystemSynchronizedBuildFileExceptionSet;
			membershipExceptions = (
				Info.plist,
			);
			target = B40000000000000000000002 /* Breathwave */;
		};
/* End PBXFileSystemSynchronizedBuildFileExceptionSet section */

/* Begin PBXFileSystemSynchronizedRootGroup section */
		B40000000000000000000006 /* Breathwave */ = {isa = PBXFileSystemSynchronizedRootGroup; exceptions = (B40000000000000000000008 /* PBXFileSystemSynchronizedBuildFileExceptionSet */, ); explicitFileTypes = {}; explicitFolders = (); path = Breathwave; sourceTree = "<group>"; };
		B40000000000000000000007 /* BreathwaveTests */ = {isa = PBXFileSystemSynchronizedRootGroup; explicitFileTypes = {}; explicitFolders = (); path = BreathwaveTests; sourceTree = "<group>"; };
		B40000000000000000000021 /* BreathwaveUITests */ = {isa = PBXFileSystemSynchronizedRootGroup; explicitFileTypes = {}; explicitFolders = (); path = BreathwaveUITests; sourceTree = "<group>"; };
/* End PBXFileSystemSynchronizedRootGroup section */

/* Begin PBXFrameworksBuildPhase section */
		26AA06CD534B34A6B5B49F08 /* Frameworks */ = {
			isa = PBXFrameworksBuildPhase;
			buildActionMask = 2147483647;
			files = (
				C816376B4A31C2983EDE862C /* Foundation.framework in Frameworks */,
			);
			runOnlyForDeploymentPostprocessing = 0;
		};
		663A17C7DCD88D6B3480FE85 /* Frameworks */ = {
			isa = PBXFrameworksBuildPhase;
			buildActionMask = 2147483647;
			files = (
				A4433F75C97A19826090533C /* Foundation.framework in Frameworks */,
			);
			runOnlyForDeploymentPostprocessing = 0;
		};
		875B737C9A1A22C7DA15FACF /* Frameworks */ = {
			isa = PBXFrameworksBuildPhase;
			buildActionMask = 2147483647;
			files = (
				86D4235F028D20B93DD8BFED /* Foundation.framework in Frameworks */,
			);
			runOnlyForDeploymentPostprocessing = 0;
		};
		B4000000000000000000000A /* Frameworks */ = {
			isa = PBXFrameworksBuildPhase;
			buildActionMask = 2147483647;
			files = (
			);
			runOnlyForDeploymentPostprocessing = 0;
		};
		B4000000000000000000000D /* Frameworks */ = {
			isa = PBXFrameworksBuildPhase;
			buildActionMask = 2147483647;
			files = (
			);
			runOnlyForDeploymentPostprocessing = 0;
		};
		B40000000000000000000024 /* Frameworks */ = {
			isa = PBXFrameworksBuildPhase;
			buildActionMask = 2147483647;
			files = (
			);
			runOnlyForDeploymentPostprocessing = 0;
		};
/* End PBXFrameworksBuildPhase section */

/* Begin PBXGroup section */
		2A1FBE4FFC8FE0CEC3955650 /* BreathwaveShield */ = {
			isa = PBXGroup;
			children = (
				AD71686E1069AFBF276F9381 /* ShieldConfigurationProvider.swift */,
				95416D52E4FC78863EBBF035 /* Localizable.xcstrings */,
				C41818296580B67585B68C5B /* Info.plist */,
				007C00C5D3E2F59AF7FAF409 /* ShieldPrompts.swift */,
			);
			path = BreathwaveShield;
			sourceTree = "<group>";
		};
		4CF112E031D5FEDF6D79D99E /* BreathwaveMonitor */ = {
			isa = PBXGroup;
			children = (
				20A249395604709CEBB538FF /* FocusMonitor.swift */,
				B5D3938425246D675846A297 /* Info.plist */,
				DDDE0FB0A4489ADB209A3DE0 /* BreathwaveMonitor.entitlements */,
			);
			path = BreathwaveMonitor;
			sourceTree = "<group>";
		};
		681364D64BBFD57C47DAA2CF /* iOS */ = {
			isa = PBXGroup;
			children = (
				AA413517AA9EDB5FFBD6DD55 /* Foundation.framework */,
			);
			name = iOS;
			sourceTree = "<group>";
		};
		73D3D35AD9D43B3D14FD345D /* BreathwaveShieldAction */ = {
			isa = PBXGroup;
			children = (
				694AA71CCB70709C5B7E755A /* ShieldActionProvider.swift */,
				0BF9DD4B51C1CE65D1412CE3 /* Info.plist */,
				26C1855123CF8FF53778C5B4 /* BreathwaveShieldAction.entitlements */,
			);
			path = BreathwaveShieldAction;
			sourceTree = "<group>";
		};
		B4000000000000000000001A /* Products */ = {
			isa = PBXGroup;
			children = (
				B40000000000000000000004 /* Breathwave.app */,
				B40000000000000000000005 /* BreathwaveTests.xctest */,
				B40000000000000000000020 /* BreathwaveUITests.xctest */,
				7B27CBE2E023464C035A9245 /* BreathwaveShield.appex */,
				D177A3D55BBD1EB7E5CA5D67 /* BreathwaveShieldAction.appex */,
				5CE4D08BDB80BBBC5EAC3BC7 /* BreathwaveMonitor.appex */,
			);
			name = Products;
			sourceTree = "<group>";
		};
		B4000000000000000000001B = {
			isa = PBXGroup;
			children = (
				B40000000000000000000006 /* Breathwave */,
				B40000000000000000000007 /* BreathwaveTests */,
				B40000000000000000000021 /* BreathwaveUITests */,
				B4000000000000000000001A /* Products */,
				B646009001C005AACC71CB88 /* Frameworks */,
				2A1FBE4FFC8FE0CEC3955650 /* BreathwaveShield */,
				CA7EC4C0E3D8D0FB0FA497EA /* FocusShared.swift */,
				D2A9F633C2DCCE8F2F92136A /* FocusEvent.swift */,
				8DFC124A7A81D65983595E97 /* FocusEventLog.swift */,
				73D3D35AD9D43B3D14FD345D /* BreathwaveShieldAction */,
				4CF112E031D5FEDF6D79D99E /* BreathwaveMonitor */,
			);
			sourceTree = "<group>";
		};
		B646009001C005AACC71CB88 /* Frameworks */ = {
			isa = PBXGroup;
			children = (
				681364D64BBFD57C47DAA2CF /* iOS */,
			);
			name = Frameworks;
			sourceTree = "<group>";
		};
/* End PBXGroup section */

/* Begin PBXNativeTarget section */
		07658770452DC755CD871B5A /* BreathwaveShield */ = {
			isa = PBXNativeTarget;
			buildConfigurationList = 318C952DEC42BC2D5CDA50EC /* Build configuration list for PBXNativeTarget "BreathwaveShield" */;
			buildPhases = (
				6C4B1E36E5DD71A820917BED /* Sources */,
				875B737C9A1A22C7DA15FACF /* Frameworks */,
				9C448745D512FC29B134AA59 /* Resources */,
			);
			buildRules = (
			);
			dependencies = (
			);
			name = BreathwaveShield;
			productName = BreathwaveShield;
			productReference = 7B27CBE2E023464C035A9245 /* BreathwaveShield.appex */;
			productType = "com.apple.product-type.app-extension";
		};
		A8E561DB05EED88DB74FA927 /* BreathwaveShieldAction */ = {
			isa = PBXNativeTarget;
			buildConfigurationList = D29522F40976ADF74F6A57CC /* Build configuration list for PBXNativeTarget "BreathwaveShieldAction" */;
			buildPhases = (
				14E71E38DCDA03A3C4842F38 /* Sources */,
				663A17C7DCD88D6B3480FE85 /* Frameworks */,
				9C6BB710AA2E3FD42F34CF9E /* Resources */,
			);
			buildRules = (
			);
			dependencies = (
			);
			name = BreathwaveShieldAction;
			productName = BreathwaveShieldAction;
			productReference = D177A3D55BBD1EB7E5CA5D67 /* BreathwaveShieldAction.appex */;
			productType = "com.apple.product-type.app-extension";
		};
		B40000000000000000000002 /* Breathwave */ = {
			isa = PBXNativeTarget;
			buildConfigurationList = B40000000000000000000014 /* Build configuration list for PBXNativeTarget "Breathwave" */;
			buildPhases = (
				B40000000000000000000009 /* Sources */,
				B4000000000000000000000A /* Frameworks */,
				B4000000000000000000000B /* Resources */,
				9BA31C7F6F65113196573FF8 /* Embed Foundation Extensions */,
			);
			buildRules = (
			);
			dependencies = (
				4187E72373E5B2F7C5CCB1E9 /* PBXTargetDependency */,
				AC16E98555A5145447413491 /* PBXTargetDependency */,
				99743E3233D96F7E5FD3AF60 /* PBXTargetDependency */,
			);
			fileSystemSynchronizedGroups = (
				B40000000000000000000006 /* Breathwave */,
			);
			name = Breathwave;
			productName = Breathwave;
			productReference = B40000000000000000000004 /* Breathwave.app */;
			productType = "com.apple.product-type.application";
		};
		B40000000000000000000003 /* BreathwaveTests */ = {
			isa = PBXNativeTarget;
			buildConfigurationList = B40000000000000000000017 /* Build configuration list for PBXNativeTarget "BreathwaveTests" */;
			buildPhases = (
				B4000000000000000000000C /* Sources */,
				B4000000000000000000000D /* Frameworks */,
				B4000000000000000000000E /* Resources */,
			);
			buildRules = (
			);
			dependencies = (
				B40000000000000000000010 /* PBXTargetDependency */,
			);
			fileSystemSynchronizedGroups = (
				B40000000000000000000007 /* BreathwaveTests */,
			);
			name = BreathwaveTests;
			productName = BreathwaveTests;
			productReference = B40000000000000000000005 /* BreathwaveTests.xctest */;
			productType = "com.apple.product-type.bundle.unit-test";
		};
		B40000000000000000000022 /* BreathwaveUITests */ = {
			isa = PBXNativeTarget;
			buildConfigurationList = B4000000000000000000002A /* Build configuration list for PBXNativeTarget "BreathwaveUITests" */;
			buildPhases = (
				B40000000000000000000023 /* Sources */,
				B40000000000000000000024 /* Frameworks */,
				B40000000000000000000025 /* Resources */,
			);
			buildRules = (
			);
			dependencies = (
				B40000000000000000000027 /* PBXTargetDependency */,
			);
			fileSystemSynchronizedGroups = (
				B40000000000000000000021 /* BreathwaveUITests */,
			);
			name = BreathwaveUITests;
			productName = BreathwaveUITests;
			productReference = B40000000000000000000020 /* BreathwaveUITests.xctest */;
			productType = "com.apple.product-type.bundle.ui-testing";
		};
		F401EE1058CF194F8A1AE0B3 /* BreathwaveMonitor */ = {
			isa = PBXNativeTarget;
			buildConfigurationList = 79A8DE87093075F068D87E44 /* Build configuration list for PBXNativeTarget "BreathwaveMonitor" */;
			buildPhases = (
				F698B06D371AEB9F75DD0CAC /* Sources */,
				26AA06CD534B34A6B5B49F08 /* Frameworks */,
				4BC906B54C8A654E5DE72C24 /* Resources */,
			);
			buildRules = (
			);
			dependencies = (
			);
			name = BreathwaveMonitor;
			productName = BreathwaveMonitor;
			productReference = 5CE4D08BDB80BBBC5EAC3BC7 /* BreathwaveMonitor.appex */;
			productType = "com.apple.product-type.app-extension";
		};
/* End PBXNativeTarget section */

/* Begin PBXProject section */
		B40000000000000000000001 /* Project object */ = {
			isa = PBXProject;
			attributes = {
				BuildIndependentTargetsInParallel = 1;
				LastSwiftUpdateCheck = 1600;
				LastUpgradeCheck = 1600;
				TargetAttributes = {
					B40000000000000000000002 = {
						CreatedOnToolsVersion = 16.0;
					};
					B40000000000000000000003 = {
						CreatedOnToolsVersion = 16.0;
						TestTargetID = B40000000000000000000002;
					};
					B40000000000000000000022 = {
						CreatedOnToolsVersion = 16.0;
						TestTargetID = B40000000000000000000002;
					};
				};
			};
			buildConfigurationList = B40000000000000000000011 /* Build configuration list for PBXProject "Breathwave" */;
			compatibilityVersion = "Xcode 15.0";
			developmentRegion = en;
			hasScannedForEncodings = 0;
			knownRegions = (
				en,
				cs,
				Base,
			);
			mainGroup = B4000000000000000000001B;
			minimizedProjectReferenceProxies = 1;
			productRefGroup = B4000000000000000000001A /* Products */;
			projectDirPath = "";
			projectRoot = "";
			targets = (
				B40000000000000000000002 /* Breathwave */,
				B40000000000000000000003 /* BreathwaveTests */,
				B40000000000000000000022 /* BreathwaveUITests */,
				07658770452DC755CD871B5A /* BreathwaveShield */,
				A8E561DB05EED88DB74FA927 /* BreathwaveShieldAction */,
				F401EE1058CF194F8A1AE0B3 /* BreathwaveMonitor */,
			);
		};
/* End PBXProject section */

/* Begin PBXResourcesBuildPhase section */
		4BC906B54C8A654E5DE72C24 /* Resources */ = {
			isa = PBXResourcesBuildPhase;
			buildActionMask = 2147483647;
			files = (
			);
			runOnlyForDeploymentPostprocessing = 0;
		};
		9C448745D512FC29B134AA59 /* Resources */ = {
			isa = PBXResourcesBuildPhase;
			buildActionMask = 2147483647;
			files = (
				BEB61A6FE27E930E6E3C8EB4 /* Localizable.xcstrings in Resources */,
			);
			runOnlyForDeploymentPostprocessing = 0;
		};
		9C6BB710AA2E3FD42F34CF9E /* Resources */ = {
			isa = PBXResourcesBuildPhase;
			buildActionMask = 2147483647;
			files = (
			);
			runOnlyForDeploymentPostprocessing = 0;
		};
		B4000000000000000000000B /* Resources */ = {
			isa = PBXResourcesBuildPhase;
			buildActionMask = 2147483647;
			files = (
			);
			runOnlyForDeploymentPostprocessing = 0;
		};
		B4000000000000000000000E /* Resources */ = {
			isa = PBXResourcesBuildPhase;
			buildActionMask = 2147483647;
			files = (
			);
			runOnlyForDeploymentPostprocessing = 0;
		};
		B40000000000000000000025 /* Resources */ = {
			isa = PBXResourcesBuildPhase;
			buildActionMask = 2147483647;
			files = (
			);
			runOnlyForDeploymentPostprocessing = 0;
		};
/* End PBXResourcesBuildPhase section */

/* Begin PBXSourcesBuildPhase section */
		14E71E38DCDA03A3C4842F38 /* Sources */ = {
			isa = PBXSourcesBuildPhase;
			buildActionMask = 2147483647;
			files = (
				243874D03B503652928CBE45 /* ShieldActionProvider.swift in Sources */,
				4E9D505AC868505A2A9A5B00 /* FocusShared.swift in Sources */,
				66A2E4A94C7EAE461A4E57A8 /* FocusEvent.swift in Sources */,
				75AAE904B861374D86A7AB2D /* FocusEventLog.swift in Sources */,
			);
			runOnlyForDeploymentPostprocessing = 0;
		};
		6C4B1E36E5DD71A820917BED /* Sources */ = {
			isa = PBXSourcesBuildPhase;
			buildActionMask = 2147483647;
			files = (
				DC9FF0A5C1B777A5D79DA7EA /* ShieldConfigurationProvider.swift in Sources */,
				E479B11EC39D053AD353AA76 /* ShieldPrompts.swift in Sources */,
				AB8508F4D2B7F8A110A84832 /* FocusShared.swift in Sources */,
			);
			runOnlyForDeploymentPostprocessing = 0;
		};
		B40000000000000000000009 /* Sources */ = {
			isa = PBXSourcesBuildPhase;
			buildActionMask = 2147483647;
			files = (
			);
			runOnlyForDeploymentPostprocessing = 0;
		};
		B4000000000000000000000C /* Sources */ = {
			isa = PBXSourcesBuildPhase;
			buildActionMask = 2147483647;
			files = (
			);
			runOnlyForDeploymentPostprocessing = 0;
		};
		B40000000000000000000023 /* Sources */ = {
			isa = PBXSourcesBuildPhase;
			buildActionMask = 2147483647;
			files = (
			);
			runOnlyForDeploymentPostprocessing = 0;
		};
		F698B06D371AEB9F75DD0CAC /* Sources */ = {
			isa = PBXSourcesBuildPhase;
			buildActionMask = 2147483647;
			files = (
				437D21584388D32B9FF1A9DB /* FocusMonitor.swift in Sources */,
				D8A2280C56F04802DEF62267 /* FocusShared.swift in Sources */,
			);
			runOnlyForDeploymentPostprocessing = 0;
		};
/* End PBXSourcesBuildPhase section */

/* Begin PBXTargetDependency section */
		4187E72373E5B2F7C5CCB1E9 /* PBXTargetDependency */ = {
			isa = PBXTargetDependency;
			name = BreathwaveShield;
			target = 07658770452DC755CD871B5A /* BreathwaveShield */;
			targetProxy = 2939BFAF9E79C0FADC17C3C6 /* PBXContainerItemProxy */;
		};
		99743E3233D96F7E5FD3AF60 /* PBXTargetDependency */ = {
			isa = PBXTargetDependency;
			name = BreathwaveMonitor;
			target = F401EE1058CF194F8A1AE0B3 /* BreathwaveMonitor */;
			targetProxy = 80EF0A4AC6FCA4B1ED455B40 /* PBXContainerItemProxy */;
		};
		AC16E98555A5145447413491 /* PBXTargetDependency */ = {
			isa = PBXTargetDependency;
			name = BreathwaveShieldAction;
			target = A8E561DB05EED88DB74FA927 /* BreathwaveShieldAction */;
			targetProxy = BDAE04358905FCDBA3066BB0 /* PBXContainerItemProxy */;
		};
		B40000000000000000000010 /* PBXTargetDependency */ = {
			isa = PBXTargetDependency;
			target = B40000000000000000000002 /* Breathwave */;
			targetProxy = B4000000000000000000000F /* PBXContainerItemProxy */;
		};
		B40000000000000000000027 /* PBXTargetDependency */ = {
			isa = PBXTargetDependency;
			target = B40000000000000000000002 /* Breathwave */;
			targetProxy = B40000000000000000000026 /* PBXContainerItemProxy */;
		};
/* End PBXTargetDependency section */

/* Begin XCBuildConfiguration section */
		10A686CA2C41F08049AAC836 /* Release */ = {
			isa = XCBuildConfiguration;
			buildSettings = {
				CLANG_ENABLE_OBJC_WEAK = NO;
				CODE_SIGN_ENTITLEMENTS = BreathwaveMonitor/BreathwaveMonitor.entitlements;
				CODE_SIGN_STYLE = Automatic;
				CURRENT_PROJECT_VERSION = 9;
				DEVELOPMENT_TEAM = 5A27589J9T;
				GENERATE_INFOPLIST_FILE = NO;
				INFOPLIST_FILE = BreathwaveMonitor/Info.plist;
				IPHONEOS_DEPLOYMENT_TARGET = 17.0;
				MARKETING_VERSION = 1.2;
				PRODUCT_BUNDLE_IDENTIFIER = cz.jakubzemlicka.breathwave.monitor;
				PRODUCT_NAME = "$(TARGET_NAME)";
				SDKROOT = iphoneos;
				SKIP_INSTALL = YES;
				SWIFT_VERSION = 6.0;
				TARGETED_DEVICE_FAMILY = 1;
				VALIDATE_PRODUCT = YES;
			};
			name = Release;
		};
		3CEC1854BF4A0F0DA06D7278 /* Debug */ = {
			isa = XCBuildConfiguration;
			buildSettings = {
				CLANG_ENABLE_OBJC_WEAK = NO;
				CODE_SIGN_ENTITLEMENTS = BreathwaveShieldAction/BreathwaveShieldAction.entitlements;
				CODE_SIGN_STYLE = Automatic;
				CURRENT_PROJECT_VERSION = 9;
				DEVELOPMENT_TEAM = 5A27589J9T;
				GENERATE_INFOPLIST_FILE = NO;
				INFOPLIST_FILE = BreathwaveShieldAction/Info.plist;
				IPHONEOS_DEPLOYMENT_TARGET = 17.0;
				MARKETING_VERSION = 1.2;
				PRODUCT_BUNDLE_IDENTIFIER = cz.jakubzemlicka.breathwave.shieldaction;
				PRODUCT_NAME = "$(TARGET_NAME)";
				SDKROOT = iphoneos;
				SKIP_INSTALL = YES;
				SWIFT_VERSION = 6.0;
				TARGETED_DEVICE_FAMILY = 1;
			};
			name = Debug;
		};
		9467B5A31B6D6EF7CEF2CADA /* Debug */ = {
			isa = XCBuildConfiguration;
			buildSettings = {
				CLANG_ENABLE_MODULES = YES;
				CLANG_ENABLE_OBJC_WEAK = NO;
				CODE_SIGN_ENTITLEMENTS = BreathwaveShield/BreathwaveShield.entitlements;
				CODE_SIGN_STYLE = Automatic;
				CURRENT_PROJECT_VERSION = 9;
				DEVELOPMENT_TEAM = 5A27589J9T;
				GENERATE_INFOPLIST_FILE = NO;
				INFOPLIST_FILE = BreathwaveShield/Info.plist;
				IPHONEOS_DEPLOYMENT_TARGET = 17.0;
				MARKETING_VERSION = 1.2;
				PRODUCT_BUNDLE_IDENTIFIER = cz.jakubzemlicka.breathwave.shield;
				PRODUCT_NAME = "$(TARGET_NAME)";
				SDKROOT = iphoneos;
				SKIP_INSTALL = YES;
				SWIFT_ACTIVE_COMPILATION_CONDITIONS = "$(inherited) DEBUG";
				SWIFT_EMIT_LOC_STRINGS = YES;
				SWIFT_VERSION = 6.0;
				TARGETED_DEVICE_FAMILY = 1;
			};
			name = Debug;
		};
		969ABD373EB29B0DCE3BE4DA /* Release */ = {
			isa = XCBuildConfiguration;
			buildSettings = {
				CLANG_ENABLE_MODULES = YES;
				CLANG_ENABLE_OBJC_WEAK = NO;
				CODE_SIGN_ENTITLEMENTS = BreathwaveShield/BreathwaveShield.entitlements;
				CODE_SIGN_STYLE = Automatic;
				CURRENT_PROJECT_VERSION = 9;
				DEVELOPMENT_TEAM = 5A27589J9T;
				GENERATE_INFOPLIST_FILE = NO;
				INFOPLIST_FILE = BreathwaveShield/Info.plist;
				IPHONEOS_DEPLOYMENT_TARGET = 17.0;
				MARKETING_VERSION = 1.2;
				PRODUCT_BUNDLE_IDENTIFIER = cz.jakubzemlicka.breathwave.shield;
				PRODUCT_NAME = "$(TARGET_NAME)";
				SDKROOT = iphoneos;
				SKIP_INSTALL = YES;
				SWIFT_EMIT_LOC_STRINGS = YES;
				SWIFT_VERSION = 6.0;
				TARGETED_DEVICE_FAMILY = 1;
				VALIDATE_PRODUCT = YES;
			};
			name = Release;
		};
		A3BB465F0982491DE5A4CF1D /* Debug */ = {
			isa = XCBuildConfiguration;
			buildSettings = {
				CLANG_ENABLE_OBJC_WEAK = NO;
				CODE_SIGN_ENTITLEMENTS = BreathwaveMonitor/BreathwaveMonitor.entitlements;
				CODE_SIGN_STYLE = Automatic;
				CURRENT_PROJECT_VERSION = 9;
				DEVELOPMENT_TEAM = 5A27589J9T;
				GENERATE_INFOPLIST_FILE = NO;
				INFOPLIST_FILE = BreathwaveMonitor/Info.plist;
				IPHONEOS_DEPLOYMENT_TARGET = 17.0;
				MARKETING_VERSION = 1.2;
				PRODUCT_BUNDLE_IDENTIFIER = cz.jakubzemlicka.breathwave.monitor;
				PRODUCT_NAME = "$(TARGET_NAME)";
				SDKROOT = iphoneos;
				SKIP_INSTALL = YES;
				SWIFT_VERSION = 6.0;
				TARGETED_DEVICE_FAMILY = 1;
			};
			name = Debug;
		};
		B40000000000000000000012 /* Debug */ = {
			isa = XCBuildConfiguration;
			buildSettings = {
				ALWAYS_SEARCH_USER_PATHS = NO;
				ASSETCATALOG_COMPILER_GENERATE_SWIFT_ASSET_SYMBOL_EXTENSIONS = YES;
				CLANG_ANALYZER_NONNULL = YES;
				CLANG_ANALYZER_NUMBER_OBJECT_CONVERSION = YES_AGGRESSIVE;
				CLANG_CXX_LANGUAGE_STANDARD = "gnu++20";
				CLANG_ENABLE_MODULES = YES;
				CLANG_ENABLE_OBJC_ARC = YES;
				CLANG_ENABLE_OBJC_WEAK = YES;
				CLANG_WARN_BLOCK_CAPTURE_AUTORELEASING = YES;
				CLANG_WARN_BOOL_CONVERSION = YES;
				CLANG_WARN_COMMA = YES;
				CLANG_WARN_CONSTANT_CONVERSION = YES;
				CLANG_WARN_DEPRECATED_OBJC_IMPLEMENTATIONS = YES;
				CLANG_WARN_DIRECT_OBJC_ISA_USAGE = YES_ERROR;
				CLANG_WARN_DOCUMENTATION_COMMENTS = YES;
				CLANG_WARN_EMPTY_BODY = YES;
				CLANG_WARN_ENUM_CONVERSION = YES;
				CLANG_WARN_INFINITE_RECURSION = YES;
				CLANG_WARN_INT_CONVERSION = YES;
				CLANG_WARN_NON_LITERAL_NULL_CONVERSION = YES;
				CLANG_WARN_OBJC_IMPLICIT_RETAIN_SELF = YES;
				CLANG_WARN_OBJC_LITERAL_CONVERSION = YES;
				CLANG_WARN_OBJC_ROOT_CLASS = YES_ERROR;
				CLANG_WARN_QUOTED_INCLUDE_IN_FRAMEWORK_HEADER = YES;
				CLANG_WARN_RANGE_LOOP_ANALYSIS = YES;
				CLANG_WARN_STRICT_PROTOTYPES = YES;
				CLANG_WARN_SUSPICIOUS_MOVE = YES;
				CLANG_WARN_UNGUARDED_AVAILABILITY = YES_AGGRESSIVE;
				CLANG_WARN_UNREACHABLE_CODE = YES;
				CLANG_WARN__DUPLICATE_METHOD_MATCH = YES;
				COPY_PHASE_STRIP = NO;
				DEBUG_INFORMATION_FORMAT = dwarf;
				ENABLE_STRICT_OBJC_MSGSEND = YES;
				ENABLE_TESTABILITY = YES;
				ENABLE_USER_SCRIPT_SANDBOXING = YES;
				GCC_C_LANGUAGE_STANDARD = gnu17;
				GCC_DYNAMIC_NO_PIC = NO;
				GCC_NO_COMMON_BLOCKS = YES;
				GCC_OPTIMIZATION_LEVEL = 0;
				GCC_PREPROCESSOR_DEFINITIONS = (
					"DEBUG=1",
					"$(inherited)",
				);
				GCC_WARN_64_TO_32_BIT_CONVERSION = YES;
				GCC_WARN_ABOUT_RETURN_TYPE = YES_ERROR;
				GCC_WARN_UNDECLARED_SELECTOR = YES;
				GCC_WARN_UNINITIALIZED_AUTOS = YES_AGGRESSIVE;
				GCC_WARN_UNUSED_FUNCTION = YES;
				GCC_WARN_UNUSED_VARIABLE = YES;
				IPHONEOS_DEPLOYMENT_TARGET = 17.0;
				LOCALIZATION_PREFERS_STRING_CATALOGS = YES;
				MTL_ENABLE_DEBUG_INFO = INCLUDE_SOURCE;
				MTL_FAST_MATH = YES;
				ONLY_ACTIVE_ARCH = YES;
				SDKROOT = iphoneos;
				SWIFT_ACTIVE_COMPILATION_CONDITIONS = "DEBUG $(inherited)";
				SWIFT_OPTIMIZATION_LEVEL = "-Onone";
				SWIFT_VERSION = 6.0;
			};
			name = Debug;
		};
		B40000000000000000000013 /* Release */ = {
			isa = XCBuildConfiguration;
			buildSettings = {
				ALWAYS_SEARCH_USER_PATHS = NO;
				ASSETCATALOG_COMPILER_GENERATE_SWIFT_ASSET_SYMBOL_EXTENSIONS = YES;
				CLANG_ANALYZER_NONNULL = YES;
				CLANG_ANALYZER_NUMBER_OBJECT_CONVERSION = YES_AGGRESSIVE;
				CLANG_CXX_LANGUAGE_STANDARD = "gnu++20";
				CLANG_ENABLE_MODULES = YES;
				CLANG_ENABLE_OBJC_ARC = YES;
				CLANG_ENABLE_OBJC_WEAK = YES;
				CLANG_WARN_BLOCK_CAPTURE_AUTORELEASING = YES;
				CLANG_WARN_BOOL_CONVERSION = YES;
				CLANG_WARN_COMMA = YES;
				CLANG_WARN_CONSTANT_CONVERSION = YES;
				CLANG_WARN_DEPRECATED_OBJC_IMPLEMENTATIONS = YES;
				CLANG_WARN_DIRECT_OBJC_ISA_USAGE = YES_ERROR;
				CLANG_WARN_DOCUMENTATION_COMMENTS = YES;
				CLANG_WARN_EMPTY_BODY = YES;
				CLANG_WARN_ENUM_CONVERSION = YES;
				CLANG_WARN_INFINITE_RECURSION = YES;
				CLANG_WARN_INT_CONVERSION = YES;
				CLANG_WARN_NON_LITERAL_NULL_CONVERSION = YES;
				CLANG_WARN_OBJC_IMPLICIT_RETAIN_SELF = YES;
				CLANG_WARN_OBJC_LITERAL_CONVERSION = YES;
				CLANG_WARN_OBJC_ROOT_CLASS = YES_ERROR;
				CLANG_WARN_QUOTED_INCLUDE_IN_FRAMEWORK_HEADER = YES;
				CLANG_WARN_RANGE_LOOP_ANALYSIS = YES;
				CLANG_WARN_STRICT_PROTOTYPES = YES;
				CLANG_WARN_SUSPICIOUS_MOVE = YES;
				CLANG_WARN_UNGUARDED_AVAILABILITY = YES_AGGRESSIVE;
				CLANG_WARN_UNREACHABLE_CODE = YES;
				CLANG_WARN__DUPLICATE_METHOD_MATCH = YES;
				COPY_PHASE_STRIP = NO;
				DEBUG_INFORMATION_FORMAT = "dwarf-with-dsym";
				ENABLE_NS_ASSERTIONS = NO;
				ENABLE_STRICT_OBJC_MSGSEND = YES;
				ENABLE_USER_SCRIPT_SANDBOXING = YES;
				GCC_C_LANGUAGE_STANDARD = gnu17;
				GCC_NO_COMMON_BLOCKS = YES;
				GCC_WARN_64_TO_32_BIT_CONVERSION = YES;
				GCC_WARN_ABOUT_RETURN_TYPE = YES_ERROR;
				GCC_WARN_UNDECLARED_SELECTOR = YES;
				GCC_WARN_UNINITIALIZED_AUTOS = YES_AGGRESSIVE;
				GCC_WARN_UNUSED_FUNCTION = YES;
				GCC_WARN_UNUSED_VARIABLE = YES;
				IPHONEOS_DEPLOYMENT_TARGET = 17.0;
				LOCALIZATION_PREFERS_STRING_CATALOGS = YES;
				MTL_ENABLE_DEBUG_INFO = NO;
				MTL_FAST_MATH = YES;
				SDKROOT = iphoneos;
				SWIFT_COMPILATION_MODE = wholemodule;
				SWIFT_VERSION = 6.0;
				VALIDATE_PRODUCT = YES;
			};
			name = Release;
		};
		B40000000000000000000015 /* Debug */ = {
			isa = XCBuildConfiguration;
			buildSettings = {
				ASSETCATALOG_COMPILER_APPICON_NAME = AppIcon;
				ASSETCATALOG_COMPILER_GLOBAL_ACCENT_COLOR_NAME = AccentColor;
				CODE_SIGN_ENTITLEMENTS = Breathwave/Breathwave.entitlements;
				CODE_SIGN_STYLE = Automatic;
				CURRENT_PROJECT_VERSION = 9;
				DEVELOPMENT_ASSET_PATHS = "";
				DEVELOPMENT_TEAM = 5A27589J9T;
				ENABLE_PREVIEWS = YES;
				GENERATE_INFOPLIST_FILE = YES;
				INFOPLIST_FILE = Breathwave/Info.plist;
				INFOPLIST_KEY_UIApplicationSceneManifest_Generation = YES;
				INFOPLIST_KEY_UIApplicationSupportsIndirectInputEvents = YES;
				INFOPLIST_KEY_UILaunchScreen_Generation = YES;
				INFOPLIST_KEY_UISupportedInterfaceOrientations = UIInterfaceOrientationPortrait;
				LD_RUNPATH_SEARCH_PATHS = (
					"$(inherited)",
					"@executable_path/Frameworks",
				);
				MARKETING_VERSION = 1.2;
				PRODUCT_BUNDLE_IDENTIFIER = cz.jakubzemlicka.breathwave;
				PRODUCT_NAME = "$(TARGET_NAME)";
				SWIFT_EMIT_LOC_STRINGS = YES;
				TARGETED_DEVICE_FAMILY = 1;
			};
			name = Debug;
		};
		B40000000000000000000016 /* Release */ = {
			isa = XCBuildConfiguration;
			buildSettings = {
				ASSETCATALOG_COMPILER_APPICON_NAME = AppIcon;
				ASSETCATALOG_COMPILER_GLOBAL_ACCENT_COLOR_NAME = AccentColor;
				CODE_SIGN_ENTITLEMENTS = Breathwave/Breathwave.entitlements;
				CODE_SIGN_STYLE = Automatic;
				CURRENT_PROJECT_VERSION = 9;
				DEVELOPMENT_ASSET_PATHS = "";
				DEVELOPMENT_TEAM = 5A27589J9T;
				ENABLE_PREVIEWS = YES;
				GENERATE_INFOPLIST_FILE = YES;
				INFOPLIST_FILE = Breathwave/Info.plist;
				INFOPLIST_KEY_UIApplicationSceneManifest_Generation = YES;
				INFOPLIST_KEY_UIApplicationSupportsIndirectInputEvents = YES;
				INFOPLIST_KEY_UILaunchScreen_Generation = YES;
				INFOPLIST_KEY_UISupportedInterfaceOrientations = UIInterfaceOrientationPortrait;
				LD_RUNPATH_SEARCH_PATHS = (
					"$(inherited)",
					"@executable_path/Frameworks",
				);
				MARKETING_VERSION = 1.2;
				PRODUCT_BUNDLE_IDENTIFIER = cz.jakubzemlicka.breathwave;
				PRODUCT_NAME = "$(TARGET_NAME)";
				SWIFT_EMIT_LOC_STRINGS = YES;
				TARGETED_DEVICE_FAMILY = 1;
			};
			name = Release;
		};
		B40000000000000000000018 /* Debug */ = {
			isa = XCBuildConfiguration;
			buildSettings = {
				BUNDLE_LOADER = "$(TEST_HOST)";
				CODE_SIGN_STYLE = Automatic;
				CURRENT_PROJECT_VERSION = 9;
				GENERATE_INFOPLIST_FILE = YES;
				MARKETING_VERSION = 1.2;
				PRODUCT_BUNDLE_IDENTIFIER = cz.jakubzemlicka.breathwaveTests;
				PRODUCT_NAME = "$(TARGET_NAME)";
				SWIFT_EMIT_LOC_STRINGS = NO;
				TARGETED_DEVICE_FAMILY = 1;
				TEST_HOST = "$(BUILT_PRODUCTS_DIR)/Breathwave.app/$(BUNDLE_EXECUTABLE_FOLDER_PATH)/Breathwave";
			};
			name = Debug;
		};
		B40000000000000000000019 /* Release */ = {
			isa = XCBuildConfiguration;
			buildSettings = {
				BUNDLE_LOADER = "$(TEST_HOST)";
				CODE_SIGN_STYLE = Automatic;
				CURRENT_PROJECT_VERSION = 9;
				GENERATE_INFOPLIST_FILE = YES;
				MARKETING_VERSION = 1.2;
				PRODUCT_BUNDLE_IDENTIFIER = cz.jakubzemlicka.breathwaveTests;
				PRODUCT_NAME = "$(TARGET_NAME)";
				SWIFT_EMIT_LOC_STRINGS = NO;
				TARGETED_DEVICE_FAMILY = 1;
				TEST_HOST = "$(BUILT_PRODUCTS_DIR)/Breathwave.app/$(BUNDLE_EXECUTABLE_FOLDER_PATH)/Breathwave";
			};
			name = Release;
		};
		B40000000000000000000028 /* Debug */ = {
			isa = XCBuildConfiguration;
			buildSettings = {
				CODE_SIGN_STYLE = Automatic;
				CURRENT_PROJECT_VERSION = 9;
				GENERATE_INFOPLIST_FILE = YES;
				MARKETING_VERSION = 1.2;
				PRODUCT_BUNDLE_IDENTIFIER = cz.jakubzemlicka.breathwaveUITests;
				PRODUCT_NAME = "$(TARGET_NAME)";
				SWIFT_EMIT_LOC_STRINGS = NO;
				TARGETED_DEVICE_FAMILY = 1;
				TEST_TARGET_NAME = Breathwave;
			};
			name = Debug;
		};
		B40000000000000000000029 /* Release */ = {
			isa = XCBuildConfiguration;
			buildSettings = {
				CODE_SIGN_STYLE = Automatic;
				CURRENT_PROJECT_VERSION = 9;
				GENERATE_INFOPLIST_FILE = YES;
				MARKETING_VERSION = 1.2;
				PRODUCT_BUNDLE_IDENTIFIER = cz.jakubzemlicka.breathwaveUITests;
				PRODUCT_NAME = "$(TARGET_NAME)";
				SWIFT_EMIT_LOC_STRINGS = NO;
				TARGETED_DEVICE_FAMILY = 1;
				TEST_TARGET_NAME = Breathwave;
			};
			name = Release;
		};
		FBE786D41CE7A67A43D43997 /* Release */ = {
			isa = XCBuildConfiguration;
			buildSettings = {
				CLANG_ENABLE_OBJC_WEAK = NO;
				CODE_SIGN_ENTITLEMENTS = BreathwaveShieldAction/BreathwaveShieldAction.entitlements;
				CODE_SIGN_STYLE = Automatic;
				CURRENT_PROJECT_VERSION = 9;
				DEVELOPMENT_TEAM = 5A27589J9T;
				GENERATE_INFOPLIST_FILE = NO;
				INFOPLIST_FILE = BreathwaveShieldAction/Info.plist;
				IPHONEOS_DEPLOYMENT_TARGET = 17.0;
				MARKETING_VERSION = 1.2;
				PRODUCT_BUNDLE_IDENTIFIER = cz.jakubzemlicka.breathwave.shieldaction;
				PRODUCT_NAME = "$(TARGET_NAME)";
				SDKROOT = iphoneos;
				SKIP_INSTALL = YES;
				SWIFT_VERSION = 6.0;
				TARGETED_DEVICE_FAMILY = 1;
				VALIDATE_PRODUCT = YES;
			};
			name = Release;
		};
/* End XCBuildConfiguration section */

/* Begin XCConfigurationList section */
		318C952DEC42BC2D5CDA50EC /* Build configuration list for PBXNativeTarget "BreathwaveShield" */ = {
			isa = XCConfigurationList;
			buildConfigurations = (
				969ABD373EB29B0DCE3BE4DA /* Release */,
				9467B5A31B6D6EF7CEF2CADA /* Debug */,
			);
			defaultConfigurationIsVisible = 0;
			defaultConfigurationName = Release;
		};
		79A8DE87093075F068D87E44 /* Build configuration list for PBXNativeTarget "BreathwaveMonitor" */ = {
			isa = XCConfigurationList;
			buildConfigurations = (
				10A686CA2C41F08049AAC836 /* Release */,
				A3BB465F0982491DE5A4CF1D /* Debug */,
			);
			defaultConfigurationIsVisible = 0;
			defaultConfigurationName = Release;
		};
		B40000000000000000000011 /* Build configuration list for PBXProject "Breathwave" */ = {
			isa = XCConfigurationList;
			buildConfigurations = (
				B40000000000000000000012 /* Debug */,
				B40000000000000000000013 /* Release */,
			);
			defaultConfigurationIsVisible = 0;
			defaultConfigurationName = Release;
		};
		B40000000000000000000014 /* Build configuration list for PBXNativeTarget "Breathwave" */ = {
			isa = XCConfigurationList;
			buildConfigurations = (
				B40000000000000000000015 /* Debug */,
				B40000000000000000000016 /* Release */,
			);
			defaultConfigurationIsVisible = 0;
			defaultConfigurationName = Release;
		};
		B40000000000000000000017 /* Build configuration list for PBXNativeTarget "BreathwaveTests" */ = {
			isa = XCConfigurationList;
			buildConfigurations = (
				B40000000000000000000018 /* Debug */,
				B40000000000000000000019 /* Release */,
			);
			defaultConfigurationIsVisible = 0;
			defaultConfigurationName = Release;
		};
		B4000000000000000000002A /* Build configuration list for PBXNativeTarget "BreathwaveUITests" */ = {
			isa = XCConfigurationList;
			buildConfigurations = (
				B40000000000000000000028 /* Debug */,
				B40000000000000000000029 /* Release */,
			);
			defaultConfigurationIsVisible = 0;
			defaultConfigurationName = Release;
		};
		D29522F40976ADF74F6A57CC /* Build configuration list for PBXNativeTarget "BreathwaveShieldAction" */ = {
			isa = XCConfigurationList;
			buildConfigurations = (
				FBE786D41CE7A67A43D43997 /* Release */,
				3CEC1854BF4A0F0DA06D7278 /* Debug */,
			);
			defaultConfigurationIsVisible = 0;
			defaultConfigurationName = Release;
		};
/* End XCConfigurationList section */
	};
	rootObject = B40000000000000000000001 /* Project object */;
}
